# THIS IS AN AUTOGENERATED FILE. DO NOT EDIT THIS FILE DIRECTLY.
# yarn lockfile v1


"@polymer/polymer@^2.0":
  version "2.6.0"
  resolved "https://registry.yarnpkg.com/@polymer/polymer/-/polymer-2.6.0.tgz#98601124122a045e74f4b41f55975006ef327dbc"

"@webcomponents/shadycss@^1.0":
  version "1.1.2"
  resolved "https://registry.yarnpkg.com/@webcomponents/shadycss/-/shadycss-1.1.2.tgz#947e9306eb2e084a4a3a4fd738aced00721bce92"

"@webcomponents/webcomponentsjs@^1.0":
  version "1.1.1"
  resolved "https://registry.yarnpkg.com/@webcomponents/webcomponentsjs/-/webcomponentsjs-1.1.1.tgz#50caffdf8a901e5357532b7d85e776637a56446a"
